
Microsoft Visual Studio Solution File, Format Version 12.00
# Visual Studio 14
VisualStudioVersion = 14.0.24720.0
MinimumVisualStudioVersion = 10.0.40219.1
Project("{8BC9CEB8-8B4A-11D0-8D11-00A0C91BC942}") = "Opdracht 2", "ConsoleApplication1\ConsoleApplication1.vcxproj", "{11191A0C-D621-4DB2-9700-0DBA1BC6D934}"
EndProject
Project("{8BC9CEB8-8B4A-11D0-8D11-00A0C91BC942}") = "Opdracht 3", "PalinDroom\PalinDroom.vcxproj", "{E9266E94-7AE8-426C-A52D-F31E6F98FF9B}"
EndProject
Project("{8BC9CEB8-8B4A-11D0-8D11-00A0C91BC942}") = "Opdracht 4", "Opdracht 4\Opdracht 4.vcxproj", "{4ACBBD10-04AD-4CAF-A7E7-456761C533B9}"
EndProject
Global
	GlobalSection(SolutionConfigurationPlatforms) = preSolution
		Debug|x64 = Debug|x64
		Debug|x86 = Debug|x86
		Release|x64 = Release|x64
		Release|x86 = Release|x86
	EndGlobalSection
	GlobalSection(ProjectConfigurationPlatforms) = postSolution
		{11191A0C-D621-4DB2-9700-0DBA1BC6D934}.Debug|x64.ActiveCfg = Debug|x64
		{11191A0C-D621-4DB2-9700-0DBA1BC6D934}.Debug|x64.Build.0 = Debug|x64
		{11191A0C-D621-4DB2-9700-0DBA1BC6D934}.Debug|x86.ActiveCfg = Debug|Win32
		{11191A0C-D621-4DB2-9700-0DBA1BC6D934}.Debug|x86.Build.0 = Debug|Win32
		{11191A0C-D621-4DB2-9700-0DBA1BC6D934}.Release|x64.ActiveCfg = Release|x64
		{11191A0C-D621-4DB2-9700-0DBA1BC6D934}.Release|x64.Build.0 = Release|x64
		{11191A0C-D621-4DB2-9700-0DBA1BC6D934}.Release|x86.ActiveCfg = Release|Win32
		{11191A0C-D621-4DB2-9700-0DBA1BC6D934}.Release|x86.Build.0 = Release|Win32
		{E9266E94-7AE8-426C-A52D-F31E6F98FF9B}.Debug|x64.ActiveCfg = Debug|x64
		{E9266E94-7AE8-426C-A52D-F31E6F98FF9B}.Debug|x64.Build.0 = Debug|x64
		{E9266E94-7AE8-426C-A52D-F31E6F98FF9B}.Debug|x86.ActiveCfg = Debug|Win32
		{E9266E94-7AE8-426C-A52D-F31E6F98FF9B}.Debug|x86.Build.0 = Debug|Win32
		{E9266E94-7AE8-426C-A52D-F31E6F98FF9B}.Release|x64.ActiveCfg = Release|x64
		{E9266E94-7AE8-426C-A52D-F31E6F98FF9B}.Release|x64.Build.0 = Release|x64
		{E9266E94-7AE8-426C-A52D-F31E6F98FF9B}.Release|x86.ActiveCfg = Release|Win32
		{E9266E94-7AE8-426C-A52D-F31E6F98FF9B}.Release|x86.Build.0 = Release|Win32
		{4ACBBD10-04AD-4CAF-A7E7-456761C533B9}.Debug|x64.ActiveCfg = Debug|x64
		{4ACBBD10-04AD-4CAF-A7E7-456761C533B9}.Debug|x64.Build.0 = Debug|x64
		{4ACBBD10-04AD-4CAF-A7E7-456761C533B9}.Debug|x86.ActiveCfg = Debug|Win32
		{4ACBBD10-04AD-4CAF-A7E7-456761C533B9}.Debug|x86.Build.0 = Debug|Win32
		{4ACBBD10-04AD-4CAF-A7E7-456761C533B9}.Release|x64.ActiveCfg = Release|x64
		{4ACBBD10-04AD-4CAF-A7E7-456761C533B9}.Release|x64.Build.0 = Release|x64
		{4ACBBD10-04AD-4CAF-A7E7-456761C533B9}.Release|x86.ActiveCfg = Release|Win32
		{4ACBBD10-04AD-4CAF-A7E7-456761C533B9}.Release|x86.Build.0 = Release|Win32
	EndGlobalSection
	GlobalSection(SolutionProperties) = preSolution
		HideSolutionNode = FALSE
	EndGlobalSection
EndGlobal
